{
  "name": "deafcantalk-server",
  "version": "1.0.0",
  "lockfileVersion": 2,
  "requires": true,
  "packages": {
    "": {
      "name": "deafcantalk-server",
      "version": "1.0.0",
      "license": "ISC",
      "dependencies": {
        "aws-sdk": "^2.1363.0",
        "bcrypt": "^5.1.0",
        "express": "^4.17.3",
        "jsonwebtoken": "^9.0.0",
        "mongoose": "^6.2.10",
        "multer": "^1.4.4",
        "nodemailer": "^6.9.2",
        "nodemon": "^2.0.15",
        "socket.io": "^4.6.1"
      }
    }
  }
}